
Microsoft Visual Studio Solution File, Format Version 12.00
# Visual Studio Version 16
VisualStudioVersion = 16.0.30711.63
MinimumVisualStudioVersion = 10.0.40219.1
Project("{FAE04EC0-301F-11D3-BF4B-00C04F79EFBC}") = "ContosoUniversity", "ContosoUniversity.csproj", "{FEA19F1A-8BA3-4835-BA8F-6CA424B62164}"
EndProject
Global
	GlobalSection(SolutionConfigurationPlatforms) = preSolution
		Debug|Any CPU = Debug|Any CPU
		Release|Any CPU = Release|Any CPU
	EndGlobalSection
	GlobalSection(ProjectConfigurationPlatforms) = postSolution
		{FEA19F1A-8BA3-4835-BA8F-6CA424B62164}.Debug|Any CPU.ActiveCfg = Debug|Any CPU
		{FEA19F1A-8BA3-4835-BA8F-6CA424B62164}.Debug|Any CPU.Build.0 = Debug|Any CPU
		{FEA19F1A-8BA3-4835-BA8F-6CA424B62164}.Release|Any CPU.ActiveCfg = Release|Any CPU
		{FEA19F1A-8BA3-4835-BA8F-6CA424B62164}.Release|Any CPU.Build.0 = Release|Any CPU
	EndGlobalSection
	GlobalSection(SolutionProperties) = preSolution
		HideSolutionNode = FALSE
	EndGlobalSection
	GlobalSection(ExtensibilityGlobals) = postSolution
		SolutionGuid = {73952A61-402A-47B7-8B08-B523FDA62FA8}
	EndGlobalSection
EndGlobal
